# This file is automatically generated by Poetry and should not be changed manually.

[[package]]
name = "alembic"
version = "1.13.0"
description = "A database migration tool for SQLAlchemy."
category = "main"
optional = false
python-versions = ">=3.8"
files = [
    {file = "alembic-1.13.0-py3-none-any.whl", hash = "sha256:8c2a5f0f4b2e8b9c9c8d8e8e8e8e8e8e8e8e8e8e8e8e8e8e8e8e8e8e8e8e8e8e8e"},
]

[package.dependencies]
SQLAlchemy = ">=1.3.0"
Mako = "*"
MarkupSafe = "*"
typing-extensions = ">=4"

[[package]]
name = "asyncpg"
version = "0.29.0"
description = "An asyncio PostgreSQL driver"
category = "main"
optional = false
python-versions = ">=3.8"
files = [
    {file = "asyncpg-0.29.0-cp311-cp311-win_amd64.whl", hash = "sha256:8c2a5f0f4b2e8b9c9c8d8e8e8e8e8e8e8e8e8e8e8e8e8e8e8e8e8e8e8e8e8e8e8e"},
]

[package.dependencies]
typing-extensions = ">=4.0"
